
Microsoft Visual Studio Solution File, Format Version 11.00
# Visual Studio 2010
Project("{FAE04EC0-301F-11D3-BF4B-00C04F79EFBC}") = "BlogEngine", "BlogEngine\BlogEngine.csproj", "{C61EE8C8-4408-4CBD-91F5-1006DA1633BC}"
EndProject
Global
	GlobalSection(SolutionConfigurationPlatforms) = preSolution
		Debug|Any CPU = Debug|Any CPU
		Release|Any CPU = Release|Any CPU
	EndGlobalSection
	GlobalSection(ProjectConfigurationPlatforms) = postSolution
		{C61EE8C8-4408-4CBD-91F5-1006DA1633BC}.Debug|Any CPU.ActiveCfg = Debug|Any CPU
		{C61EE8C8-4408-4CBD-91F5-1006DA1633BC}.Debug|Any CPU.Build.0 = Debug|Any CPU
		{C61EE8C8-4408-4CBD-91F5-1006DA1633BC}.Release|Any CPU.ActiveCfg = Release|Any CPU
		{C61EE8C8-4408-4CBD-91F5-1006DA1633BC}.Release|Any CPU.Build.0 = Release|Any CPU
	EndGlobalSection
	GlobalSection(SolutionProperties) = preSolution
		HideSolutionNode = FALSE
	EndGlobalSection
EndGlobal
