
Microsoft Visual Studio Solution File, Format Version 11.00
# Visual Studio 2010
Project("{CC5FD16D-436D-48AD-A40C-5A424C6E3E79}") = "CloudService1", "CloudService1\CloudService1.ccproj", "{2F3E0A5D-6216-42C7-BB15-7F5144A3AD49}"
EndProject
Project("{FAE04EC0-301F-11D3-BF4B-00C04F79EFBC}") = "WebRole1", "WebRole1\WebRole1.csproj", "{A8A1A877-B520-4C40-A815-3460B47E8746}"
EndProject
Project("{FAE04EC0-301F-11D3-BF4B-00C04F79EFBC}") = "WorkerRole1", "WorkerRole1\WorkerRole1.csproj", "{529793FA-FA7E-4223-8145-7770AC4B68E9}"
EndProject
Global
	GlobalSection(SolutionConfigurationPlatforms) = preSolution
		Debug|Any CPU = Debug|Any CPU
		Release|Any CPU = Release|Any CPU
	EndGlobalSection
	GlobalSection(ProjectConfigurationPlatforms) = postSolution
		{2F3E0A5D-6216-42C7-BB15-7F5144A3AD49}.Debug|Any CPU.ActiveCfg = Debug|Any CPU
		{2F3E0A5D-6216-42C7-BB15-7F5144A3AD49}.Debug|Any CPU.Build.0 = Debug|Any CPU
		{2F3E0A5D-6216-42C7-BB15-7F5144A3AD49}.Release|Any CPU.ActiveCfg = Release|Any CPU
		{2F3E0A5D-6216-42C7-BB15-7F5144A3AD49}.Release|Any CPU.Build.0 = Release|Any CPU
		{A8A1A877-B520-4C40-A815-3460B47E8746}.Debug|Any CPU.ActiveCfg = Debug|Any CPU
		{A8A1A877-B520-4C40-A815-3460B47E8746}.Debug|Any CPU.Build.0 = Debug|Any CPU
		{A8A1A877-B520-4C40-A815-3460B47E8746}.Release|Any CPU.ActiveCfg = Release|Any CPU
		{A8A1A877-B520-4C40-A815-3460B47E8746}.Release|Any CPU.Build.0 = Release|Any CPU
		{529793FA-FA7E-4223-8145-7770AC4B68E9}.Debug|Any CPU.ActiveCfg = Debug|Any CPU
		{529793FA-FA7E-4223-8145-7770AC4B68E9}.Debug|Any CPU.Build.0 = Debug|Any CPU
		{529793FA-FA7E-4223-8145-7770AC4B68E9}.Release|Any CPU.ActiveCfg = Release|Any CPU
		{529793FA-FA7E-4223-8145-7770AC4B68E9}.Release|Any CPU.Build.0 = Release|Any CPU
	EndGlobalSection
	GlobalSection(SolutionProperties) = preSolution
		HideSolutionNode = FALSE
	EndGlobalSection
EndGlobal
